// !$*UTF8*$!
{
	archiveVersion = 1;
	classes = {
	};
	objectVersion = 50;
	objects = {

/* Begin PBXBuildFile section */
		5EEDF8CE22ACFD5800B56E9B /* main.cpp in Sources */ = {isa = PBXBuildFile; fileRef = 5EEDF8CD22ACFD5800B56E9B /* main.cpp */; };
		5EEDF8D622AD516C00B56E9B /* window.cpp in Sources */ = {isa = PBXBuildFile; fileRef = 5EEDF8D422AD516C00B56E9B /* window.cpp */; };
		5EEDF8D922AE5F7F00B56E9B /* view.cpp in Sources */ = {isa = PBXBuildFile; fileRef = 5EEDF8D722AE5F7F00B56E9B /* view.cpp */; };
		5EEDF8DC22AE604300B56E9B /* text.cpp in Sources */ = {isa = PBXBuildFile; fileRef = 5EEDF8DA22AE604300B56E9B /* text.cpp */; };
		5EEDF8DF22AE64D400B56E9B /* properties.cpp in Sources */ = {isa = PBXBuildFile; fileRef = 5EEDF8DD22AE64D400B56E9B /* properties.cpp */; };
/* End PBXBuildFile section */

/* Begin PBXCopyFilesBuildPhase section */
		5EEDF8C822ACFD5800B56E9B /* CopyFiles */ = {
			isa = PBXCopyFilesBuildPhase;
			buildActionMask = 2147483647;
			dstPath = /usr/share/man/man1/;
			dstSubfolderSpec = 0;
			files = (
			);
			runOnlyForDeploymentPostprocessing = 1;
		};
/* End PBXCopyFilesBuildPhase section */

/* Begin PBXFileReference section */
		5EEDF8CA22ACFD5800B56E9B /* TestScope */ = {isa = PBXFileReference; explicitFileType = "compiled.mach-o.executable"; includeInIndex = 0; path = TestScope; sourceTree = BUILT_PRODUCTS_DIR; };
		5EEDF8CD22ACFD5800B56E9B /* main.cpp */ = {isa = PBXFileReference; lastKnownFileType = sourcecode.cpp.cpp; path = main.cpp; sourceTree = "<group>"; };
		5EEDF8D422AD516C00B56E9B /* window.cpp */ = {isa = PBXFileReference; lastKnownFileType = sourcecode.cpp.cpp; path = window.cpp; sourceTree = "<group>"; };
		5EEDF8D522AD516C00B56E9B /* window.hpp */ = {isa = PBXFileReference; lastKnownFileType = sourcecode.cpp.h; path = window.hpp; sourceTree = "<group>"; };
		5EEDF8D722AE5F7F00B56E9B /* view.cpp */ = {isa = PBXFileReference; lastKnownFileType = sourcecode.cpp.cpp; path = view.cpp; sourceTree = "<group>"; };
		5EEDF8D822AE5F7F00B56E9B /* view.hpp */ = {isa = PBXFileReference; lastKnownFileType = sourcecode.cpp.h; path = view.hpp; sourceTree = "<group>"; };
		5EEDF8DA22AE604300B56E9B /* text.cpp */ = {isa = PBXFileReference; lastKnownFileType = sourcecode.cpp.cpp; path = text.cpp; sourceTree = "<group>"; };
		5EEDF8DB22AE604300B56E9B /* text.hpp */ = {isa = PBXFileReference; lastKnownFileType = sourcecode.cpp.h; path = text.hpp; sourceTree = "<group>"; };
		5EEDF8DD22AE64D400B56E9B /* properties.cpp */ = {isa = PBXFileReference; lastKnownFileType = sourcecode.cpp.cpp; path = properties.cpp; sourceTree = "<group>"; };
		5EEDF8DE22AE64D400B56E9B /* properties.hpp */ = {isa = PBXFileReference; lastKnownFileType = sourcecode.cpp.h; path = properties.hpp; sourceTree = "<group>"; };
/* End PBXFileReference section */

/* Begin PBXFrameworksBuildPhase section */
		5EEDF8C722ACFD5800B56E9B /* Frameworks */ = {
			isa = PBXFrameworksBuildPhase;
			buildActionMask = 2147483647;
			files = (
			);
			runOnlyForDeploymentPostprocessing = 0;
		};
/* End PBXFrameworksBuildPhase section */

/* Begin PBXGroup section */
		5EEDF8C122ACFD5800B56E9B = {
			isa = PBXGroup;
			children = (
				5EEDF8CC22ACFD5800B56E9B /* TestScope */,
				5EEDF8CB22ACFD5800B56E9B /* Products */,
			);
			sourceTree = "<group>";
		};
		5EEDF8CB22ACFD5800B56E9B /* Products */ = {
			isa = PBXGroup;
			children = (
				5EEDF8CA22ACFD5800B56E9B /* TestScope */,
			);
			name = Products;
			sourceTree = "<group>";
		};
		5EEDF8CC22ACFD5800B56E9B /* TestScope */ = {
			isa = PBXGroup;
			children = (
				5EEDF8CD22ACFD5800B56E9B /* main.cpp */,
				5EEDF8D422AD516C00B56E9B /* window.cpp */,
				5EEDF8D522AD516C00B56E9B /* window.hpp */,
				5EEDF8D722AE5F7F00B56E9B /* view.cpp */,
				5EEDF8D822AE5F7F00B56E9B /* view.hpp */,
				5EEDF8DA22AE604300B56E9B /* text.cpp */,
				5EEDF8DB22AE604300B56E9B /* text.hpp */,
				5EEDF8DD22AE64D400B56E9B /* properties.cpp */,
				5EEDF8DE22AE64D400B56E9B /* properties.hpp */,
			);
			path = TestScope;
			sourceTree = "<group>";
		};
/* End PBXGroup section */

/* Begin PBXNativeTarget section */
		5EEDF8C922ACFD5800B56E9B /* TestScope */ = {
			isa = PBXNativeTarget;
			buildConfigurationList = 5EEDF8D122ACFD5800B56E9B /* Build configuration list for PBXNativeTarget "TestScope" */;
			buildPhases = (
				5EEDF8C622ACFD5800B56E9B /* Sources */,
				5EEDF8C722ACFD5800B56E9B /* Frameworks */,
				5EEDF8C822ACFD5800B56E9B /* CopyFiles */,
			);
			buildRules = (
			);
			dependencies = (
			);
			name = TestScope;
			productName = TestScope;
			productReference = 5EEDF8CA22ACFD5800B56E9B /* TestScope */;
			productType = "com.apple.product-type.tool";
		};
/* End PBXNativeTarget section */

/* Begin PBXProject section */
		5EEDF8C222ACFD5800B56E9B /* Project object */ = {
			isa = PBXProject;
			attributes = {
				LastUpgradeCheck = 1020;
				ORGANIZATIONNAME = George;
				TargetAttributes = {
					5EEDF8C922ACFD5800B56E9B = {
						CreatedOnToolsVersion = 10.2.1;
					};
				};
			};
			buildConfigurationList = 5EEDF8C522ACFD5800B56E9B /* Build configuration list for PBXProject "TestScope" */;
			compatibilityVersion = "Xcode 9.3";
			developmentRegion = en;
			hasScannedForEncodings = 0;
			knownRegions = (
				en,
			);
			mainGroup = 5EEDF8C122ACFD5800B56E9B;
			productRefGroup = 5EEDF8CB22ACFD5800B56E9B /* Products */;
			projectDirPath = "";
			projectRoot = "";
			targets = (
				5EEDF8C922ACFD5800B56E9B /* TestScope */,
			);
		};
/* End PBXProject section */

/* Begin PBXSourcesBuildPhase section */
		5EEDF8C622ACFD5800B56E9B /* Sources */ = {
			isa = PBXSourcesBuildPhase;
			buildActionMask = 2147483647;
			files = (
				5EEDF8DF22AE64D400B56E9B /* properties.cpp in Sources */,
				5EEDF8CE22ACFD5800B56E9B /* main.cpp in Sources */,
				5EEDF8D622AD516C00B56E9B /* window.cpp in Sources */,
				5EEDF8DC22AE604300B56E9B /* text.cpp in Sources */,
				5EEDF8D922AE5F7F00B56E9B /* view.cpp in Sources */,
			);
			runOnlyForDeploymentPostprocessing = 0;
		};
/* End PBXSourcesBuildPhase section */

/* Begin XCBuildConfiguration section */
		5EEDF8CF22ACFD5800B56E9B /* Debug */ = {
			isa = XCBuildConfiguration;
			buildSettings = {
				ALWAYS_SEARCH_USER_PATHS = NO;
				CLANG_ANALYZER_NONNULL = YES;
				CLANG_ANALYZER_NUMBER_OBJECT_CONVERSION = YES_AGGRESSIVE;
				CLANG_CXX_LANGUAGE_STANDARD = "gnu++14";
				CLANG_CXX_LIBRARY = "libc++";
				CLANG_ENABLE_MODULES = YES;
				CLANG_ENABLE_OBJC_ARC = YES;
				CLANG_ENABLE_OBJC_WEAK = YES;
				CLANG_WARN_BLOCK_CAPTURE_AUTORELEASING = YES;
				CLANG_WARN_BOOL_CONVERSION = YES;
				CLANG_WARN_COMMA = YES;
				CLANG_WARN_CONSTANT_CONVERSION = YES;
				CLANG_WARN_DEPRECATED_OBJC_IMPLEMENTATIONS = YES;
				CLANG_WARN_DIRECT_OBJC_ISA_USAGE = YES_ERROR;
				CLANG_WARN_DOCUMENTATION_COMMENTS = YES;
				CLANG_WARN_EMPTY_BODY = YES;
				CLANG_WARN_ENUM_CONVERSION = YES;
				CLANG_WARN_INFINITE_RECURSION = YES;
				CLANG_WARN_INT_CONVERSION = YES;
				CLANG_WARN_NON_LITERAL_NULL_CONVERSION = YES;
				CLANG_WARN_OBJC_IMPLICIT_RETAIN_SELF = YES;
				CLANG_WARN_OBJC_LITERAL_CONVERSION = YES;
				CLANG_WARN_OBJC_ROOT_CLASS = YES_ERROR;
				CLANG_WARN_RANGE_LOOP_ANALYSIS = YES;
				CLANG_WARN_STRICT_PROTOTYPES = YES;
				CLANG_WARN_SUSPICIOUS_MOVE = YES;
				CLANG_WARN_UNGUARDED_AVAILABILITY = YES_AGGRESSIVE;
				CLANG_WARN_UNREACHABLE_CODE = YES;
				CLANG_WARN__DUPLICATE_METHOD_MATCH = YES;
				CODE_SIGN_IDENTITY = "Mac Developer";
				COPY_PHASE_STRIP = NO;
				DEBUG_INFORMATION_FORMAT = dwarf;
				ENABLE_STRICT_OBJC_MSGSEND = YES;
				ENABLE_TESTABILITY = YES;
				GCC_C_LANGUAGE_STANDARD = gnu11;
				GCC_DYNAMIC_NO_PIC = NO;
				GCC_NO_COMMON_BLOCKS = YES;
				GCC_OPTIMIZATION_LEVEL = 0;
				GCC_PREPROCESSOR_DEFINITIONS = (
					"DEBUG=1",
					"$(inherited)",
				);
				GCC_WARN_64_TO_32_BIT_CONVERSION = YES;
				GCC_WARN_ABOUT_RETURN_TYPE = YES_ERROR;
				GCC_WARN_UNDECLARED_SELECTOR = YES;
				GCC_WARN_UNINITIALIZED_AUTOS = YES_AGGRESSIVE;
				GCC_WARN_UNUSED_FUNCTION = YES;
				GCC_WARN_UNUSED_VARIABLE = YES;
				MACOSX_DEPLOYMENT_TARGET = 10.14;
				MTL_ENABLE_DEBUG_INFO = INCLUDE_SOURCE;
				MTL_FAST_MATH = YES;
				ONLY_ACTIVE_ARCH = YES;
				SDKROOT = macosx;
			};
			name = Debug;
		};
		5EEDF8D022ACFD5800B56E9B /* Release */ = {
			isa = XCBuildConfiguration;
			buildSettings = {
				ALWAYS_SEARCH_USER_PATHS = NO;
				CLANG_ANALYZER_NONNULL = YES;
				CLANG_ANALYZER_NUMBER_OBJECT_CONVERSION = YES_AGGRESSIVE;
				CLANG_CXX_LANGUAGE_STANDARD = "gnu++14";
				CLANG_CXX_LIBRARY = "libc++";
				CLANG_ENABLE_MODULES = YES;
				CLANG_ENABLE_OBJC_ARC = YES;
				CLANG_ENABLE_OBJC_WEAK = YES;
				CLANG_WARN_BLOCK_CAPTURE_AUTORELEASING = YES;
				CLANG_WARN_BOOL_CONVERSION = YES;
				CLANG_WARN_COMMA = YES;
				CLANG_WARN_CONSTANT_CONVERSION = YES;
				CLANG_WARN_DEPRECATED_OBJC_IMPLEMENTATIONS = YES;
				CLANG_WARN_DIRECT_OBJC_ISA_USAGE = YES_ERROR;
				CLANG_WARN_DOCUMENTATION_COMMENTS = YES;
				CLANG_WARN_EMPTY_BODY = YES;
				CLANG_WARN_ENUM_CONVERSION = YES;
				CLANG_WARN_INFINITE_RECURSION = YES;
				CLANG_WARN_INT_CONVERSION = YES;
				CLANG_WARN_NON_LITERAL_NULL_CONVERSION = YES;
				CLANG_WARN_OBJC_IMPLICIT_RETAIN_SELF = YES;
				CLANG_WARN_OBJC_LITERAL_CONVERSION = YES;
				CLANG_WARN_OBJC_ROOT_CLASS = YES_ERROR;
				CLANG_WARN_RANGE_LOOP_ANALYSIS = YES;
				CLANG_WARN_STRICT_PROTOTYPES = YES;
				CLANG_WARN_SUSPICIOUS_MOVE = YES;
				CLANG_WARN_UNGUARDED_AVAILABILITY = YES_AGGRESSIVE;
				CLANG_WARN_UNREACHABLE_CODE = YES;
				CLANG_WARN__DUPLICATE_METHOD_MATCH = YES;
				CODE_SIGN_IDENTITY = "Mac Developer";
				COPY_PHASE_STRIP = NO;
				DEBUG_INFORMATION_FORMAT = "dwarf-with-dsym";
				ENABLE_NS_ASSERTIONS = NO;
				ENABLE_STRICT_OBJC_MSGSEND = YES;
				GCC_C_LANGUAGE_STANDARD = gnu11;
				GCC_NO_COMMON_BLOCKS = YES;
				GCC_WARN_64_TO_32_BIT_CONVERSION = YES;
				GCC_WARN_ABOUT_RETURN_TYPE = YES_ERROR;
				GCC_WARN_UNDECLARED_SELECTOR = YES;
				GCC_WARN_UNINITIALIZED_AUTOS = YES_AGGRESSIVE;
				GCC_WARN_UNUSED_FUNCTION = YES;
				GCC_WARN_UNUSED_VARIABLE = YES;
				MACOSX_DEPLOYMENT_TARGET = 10.14;
				MTL_ENABLE_DEBUG_INFO = NO;
				MTL_FAST_MATH = YES;
				SDKROOT = macosx;
			};
			name = Release;
		};
		5EEDF8D222ACFD5800B56E9B /* Debug */ = {
			isa = XCBuildConfiguration;
			buildSettings = {
				CODE_SIGN_STYLE = Automatic;
				DEVELOPMENT_TEAM = D93FC4VGJS;
				PRODUCT_NAME = "$(TARGET_NAME)";
			};
			name = Debug;
		};
		5EEDF8D322ACFD5800B56E9B /* Release */ = {
			isa = XCBuildConfiguration;
			buildSettings = {
				CODE_SIGN_STYLE = Automatic;
				DEVELOPMENT_TEAM = D93FC4VGJS;
				PRODUCT_NAME = "$(TARGET_NAME)";
			};
			name = Release;
		};
/* End XCBuildConfiguration section */

/* Begin XCConfigurationList section */
		5EEDF8C522ACFD5800B56E9B /* Build configuration list for PBXProject "TestScope" */ = {
			isa = XCConfigurationList;
			buildConfigurations = (
				5EEDF8CF22ACFD5800B56E9B /* Debug */,
				5EEDF8D022ACFD5800B56E9B /* Release */,
			);
			defaultConfigurationIsVisible = 0;
			defaultConfigurationName = Release;
		};
		5EEDF8D122ACFD5800B56E9B /* Build configuration list for PBXNativeTarget "TestScope" */ = {
			isa = XCConfigurationList;
			buildConfigurations = (
				5EEDF8D222ACFD5800B56E9B /* Debug */,
				5EEDF8D322ACFD5800B56E9B /* Release */,
			);
			defaultConfigurationIsVisible = 0;
			defaultConfigurationName = Release;
		};
/* End XCConfigurationList section */
	};
	rootObject = 5EEDF8C222ACFD5800B56E9B /* Project object */;
}
